{
  "name": "nodebb-theme-community",
  "version": "0.0.1",
  "lockfileVersion": 1,
  "requires": true,
  "dependencies": {
    "pulling": {
      "version": "1.1.1",
      "resolved": "https://registry.npmjs.org/pulling/-/pulling-1.1.1.tgz",
      "integrity": "sha512-Rz3C9XK3T7j6WO5puoaWNFJcCg0A+gURXe5sn7VTBYSqcSIgLTnSBjmaASM/e9XcspDqa906uYUS0KKWU4/NVg=="
    },
    "striptags": {
      "version": "3.1.1",
      "resolved": "https://registry.npmjs.org/striptags/-/striptags-3.1.1.tgz",
      "integrity": "sha1-yMPn/db7S7OjKjt1LltePjgJPr0="
    }
  }
}
